
Microsoft Visual Studio Solution File, Format Version 12.00
Project("{FAE04EC0-301F-11D3-BF4B-00C04F79EFBC}") = "QuickSort-asd-2", "QuickSort-asd-2\QuickSort-asd-2.csproj", "{835AD021-C3B2-4001-9AA0-2A78CF3C99CF}"
EndProject
Global
	GlobalSection(SolutionConfigurationPlatforms) = preSolution
		Debug|Any CPU = Debug|Any CPU
		Release|Any CPU = Release|Any CPU
	EndGlobalSection
	GlobalSection(ProjectConfigurationPlatforms) = postSolution
		{835AD021-C3B2-4001-9AA0-2A78CF3C99CF}.Debug|Any CPU.ActiveCfg = Debug|Any CPU
		{835AD021-C3B2-4001-9AA0-2A78CF3C99CF}.Debug|Any CPU.Build.0 = Debug|Any CPU
		{835AD021-C3B2-4001-9AA0-2A78CF3C99CF}.Release|Any CPU.ActiveCfg = Release|Any CPU
		{835AD021-C3B2-4001-9AA0-2A78CF3C99CF}.Release|Any CPU.Build.0 = Release|Any CPU
	EndGlobalSection
EndGlobal
